
Microsoft Visual Studio Solution File, Format Version 12.00
# Visual Studio 14
VisualStudioVersion = 14.0.23107.0
MinimumVisualStudioVersion = 10.0.40219.1
Project("{2150E333-8FDC-42A3-9474-1A3956D46DE8}") = "Core", "Core", "{6F4D8DD9-41D9-416E-9CC7-F6452CE2AE70}"
EndProject
Project("{2150E333-8FDC-42A3-9474-1A3956D46DE8}") = "WEB", "WEB", "{DCD91218-2B26-4604-83B0-A9819DA7DD9D}"
EndProject
Project("{FAE04EC0-301F-11D3-BF4B-00C04F79EFBC}") = "ERP.WEB", "ERP.WEB\ERP.WEB.csproj", "{5C952FD5-27B6-41D2-A753-44216C833F58}"
EndProject
Project("{2150E333-8FDC-42A3-9474-1A3956D46DE8}") = "Templates", "Templates", "{8B06B101-BDFF-4FD0-8564-5FCB71D8EF18}"
EndProject
Project("{FAE04EC0-301F-11D3-BF4B-00C04F79EFBC}") = "ERP.Core.PCL", "ERP.Core.PCL\ERP.Core.PCL.csproj", "{0BAF96BC-1AF2-488D-948D-42227BF08D63}"
EndProject
Project("{FAE04EC0-301F-11D3-BF4B-00C04F79EFBC}") = "ERP.Core.WINWEB", "ERP.Core.WINWEB\ERP.Core.WINWEB.csproj", "{D7510251-828D-4430-AAA1-71E59F2C7D54}"
EndProject
Project("{FAE04EC0-301F-11D3-BF4B-00C04F79EFBC}") = "ERP.Core.WINRT", "ERP.Core.WINRT\ERP.Core.WINRT.csproj", "{A77947E9-0E61-47A3-80D7-F8652EEF2B86}"
EndProject
Project("{FAE04EC0-301F-11D3-BF4B-00C04F79EFBC}") = "ERP.Template.AngularJSCRUD", "ERP.Template.AngularJSCRUD\ERP.Template.AngularJSCRUD.csproj", "{69B67D81-DDF1-4200-8156-567366F861F7}"
EndProject
Project("{2150E333-8FDC-42A3-9474-1A3956D46DE8}") = "Business", "Business", "{E1A0CEF9-CF2B-4E0D-9188-8877C08C9D21}"
EndProject
Project("{2150E333-8FDC-42A3-9474-1A3956D46DE8}") = "Test", "Test", "{9AB12F59-D896-4AB5-811C-ABEF257360A8}"
EndProject
Project("{FAE04EC0-301F-11D3-BF4B-00C04F79EFBC}") = "ERP.BLL", "ERP.BLL\ERP.BLL.csproj", "{9D087BF7-8B75-4604-BDEC-1FE5E175D915}"
EndProject
Global
	GlobalSection(SolutionConfigurationPlatforms) = preSolution
		Debug|Any CPU = Debug|Any CPU
		Debug|ARM = Debug|ARM
		Debug|x64 = Debug|x64
		Debug|x86 = Debug|x86
		Release|Any CPU = Release|Any CPU
		Release|ARM = Release|ARM
		Release|x64 = Release|x64
		Release|x86 = Release|x86
	EndGlobalSection
	GlobalSection(ProjectConfigurationPlatforms) = postSolution
		{5C952FD5-27B6-41D2-A753-44216C833F58}.Debug|Any CPU.ActiveCfg = Debug|Any CPU
		{5C952FD5-27B6-41D2-A753-44216C833F58}.Debug|Any CPU.Build.0 = Debug|Any CPU
		{5C952FD5-27B6-41D2-A753-44216C833F58}.Debug|ARM.ActiveCfg = Debug|Any CPU
		{5C952FD5-27B6-41D2-A753-44216C833F58}.Debug|ARM.Build.0 = Debug|Any CPU
		{5C952FD5-27B6-41D2-A753-44216C833F58}.Debug|x64.ActiveCfg = Debug|Any CPU
		{5C952FD5-27B6-41D2-A753-44216C833F58}.Debug|x64.Build.0 = Debug|Any CPU
		{5C952FD5-27B6-41D2-A753-44216C833F58}.Debug|x86.ActiveCfg = Debug|Any CPU
		{5C952FD5-27B6-41D2-A753-44216C833F58}.Debug|x86.Build.0 = Debug|Any CPU
		{5C952FD5-27B6-41D2-A753-44216C833F58}.Release|Any CPU.ActiveCfg = Release|Any CPU
		{5C952FD5-27B6-41D2-A753-44216C833F58}.Release|Any CPU.Build.0 = Release|Any CPU
		{5C952FD5-27B6-41D2-A753-44216C833F58}.Release|ARM.ActiveCfg = Release|Any CPU
		{5C952FD5-27B6-41D2-A753-44216C833F58}.Release|ARM.Build.0 = Release|Any CPU
		{5C952FD5-27B6-41D2-A753-44216C833F58}.Release|x64.ActiveCfg = Release|Any CPU
		{5C952FD5-27B6-41D2-A753-44216C833F58}.Release|x64.Build.0 = Release|Any CPU
		{5C952FD5-27B6-41D2-A753-44216C833F58}.Release|x86.ActiveCfg = Release|Any CPU
		{5C952FD5-27B6-41D2-A753-44216C833F58}.Release|x86.Build.0 = Release|Any CPU
		{0BAF96BC-1AF2-488D-948D-42227BF08D63}.Debug|Any CPU.ActiveCfg = Debug|Any CPU
		{0BAF96BC-1AF2-488D-948D-42227BF08D63}.Debug|Any CPU.Build.0 = Debug|Any CPU
		{0BAF96BC-1AF2-488D-948D-42227BF08D63}.Debug|ARM.ActiveCfg = Debug|Any CPU
		{0BAF96BC-1AF2-488D-948D-42227BF08D63}.Debug|ARM.Build.0 = Debug|Any CPU
		{0BAF96BC-1AF2-488D-948D-42227BF08D63}.Debug|x64.ActiveCfg = Debug|Any CPU
		{0BAF96BC-1AF2-488D-948D-42227BF08D63}.Debug|x64.Build.0 = Debug|Any CPU
		{0BAF96BC-1AF2-488D-948D-42227BF08D63}.Debug|x86.ActiveCfg = Debug|Any CPU
		{0BAF96BC-1AF2-488D-948D-42227BF08D63}.Debug|x86.Build.0 = Debug|Any CPU
		{0BAF96BC-1AF2-488D-948D-42227BF08D63}.Release|Any CPU.ActiveCfg = Release|Any CPU
		{0BAF96BC-1AF2-488D-948D-42227BF08D63}.Release|Any CPU.Build.0 = Release|Any CPU
		{0BAF96BC-1AF2-488D-948D-42227BF08D63}.Release|ARM.ActiveCfg = Release|Any CPU
		{0BAF96BC-1AF2-488D-948D-42227BF08D63}.Release|ARM.Build.0 = Release|Any CPU
		{0BAF96BC-1AF2-488D-948D-42227BF08D63}.Release|x64.ActiveCfg = Release|Any CPU
		{0BAF96BC-1AF2-488D-948D-42227BF08D63}.Release|x64.Build.0 = Release|Any CPU
		{0BAF96BC-1AF2-488D-948D-42227BF08D63}.Release|x86.ActiveCfg = Release|Any CPU
		{0BAF96BC-1AF2-488D-948D-42227BF08D63}.Release|x86.Build.0 = Release|Any CPU
		{D7510251-828D-4430-AAA1-71E59F2C7D54}.Debug|Any CPU.ActiveCfg = Debug|Any CPU
		{D7510251-828D-4430-AAA1-71E59F2C7D54}.Debug|Any CPU.Build.0 = Debug|Any CPU
		{D7510251-828D-4430-AAA1-71E59F2C7D54}.Debug|ARM.ActiveCfg = Debug|Any CPU
		{D7510251-828D-4430-AAA1-71E59F2C7D54}.Debug|ARM.Build.0 = Debug|Any CPU
		{D7510251-828D-4430-AAA1-71E59F2C7D54}.Debug|x64.ActiveCfg = Debug|Any CPU
		{D7510251-828D-4430-AAA1-71E59F2C7D54}.Debug|x64.Build.0 = Debug|Any CPU
		{D7510251-828D-4430-AAA1-71E59F2C7D54}.Debug|x86.ActiveCfg = Debug|Any CPU
		{D7510251-828D-4430-AAA1-71E59F2C7D54}.Debug|x86.Build.0 = Debug|Any CPU
		{D7510251-828D-4430-AAA1-71E59F2C7D54}.Release|Any CPU.ActiveCfg = Release|Any CPU
		{D7510251-828D-4430-AAA1-71E59F2C7D54}.Release|Any CPU.Build.0 = Release|Any CPU
		{D7510251-828D-4430-AAA1-71E59F2C7D54}.Release|ARM.ActiveCfg = Release|Any CPU
		{D7510251-828D-4430-AAA1-71E59F2C7D54}.Release|ARM.Build.0 = Release|Any CPU
		{D7510251-828D-4430-AAA1-71E59F2C7D54}.Release|x64.ActiveCfg = Release|Any CPU
		{D7510251-828D-4430-AAA1-71E59F2C7D54}.Release|x64.Build.0 = Release|Any CPU
		{D7510251-828D-4430-AAA1-71E59F2C7D54}.Release|x86.ActiveCfg = Release|Any CPU
		{D7510251-828D-4430-AAA1-71E59F2C7D54}.Release|x86.Build.0 = Release|Any CPU
		{A77947E9-0E61-47A3-80D7-F8652EEF2B86}.Debug|Any CPU.ActiveCfg = Debug|Any CPU
		{A77947E9-0E61-47A3-80D7-F8652EEF2B86}.Debug|Any CPU.Build.0 = Debug|Any CPU
		{A77947E9-0E61-47A3-80D7-F8652EEF2B86}.Debug|ARM.ActiveCfg = Debug|ARM
		{A77947E9-0E61-47A3-80D7-F8652EEF2B86}.Debug|ARM.Build.0 = Debug|ARM
		{A77947E9-0E61-47A3-80D7-F8652EEF2B86}.Debug|x64.ActiveCfg = Debug|x64
		{A77947E9-0E61-47A3-80D7-F8652EEF2B86}.Debug|x64.Build.0 = Debug|x64
		{A77947E9-0E61-47A3-80D7-F8652EEF2B86}.Debug|x86.ActiveCfg = Debug|x86
		{A77947E9-0E61-47A3-80D7-F8652EEF2B86}.Debug|x86.Build.0 = Debug|x86
		{A77947E9-0E61-47A3-80D7-F8652EEF2B86}.Release|Any CPU.ActiveCfg = Release|Any CPU
		{A77947E9-0E61-47A3-80D7-F8652EEF2B86}.Release|Any CPU.Build.0 = Release|Any CPU
		{A77947E9-0E61-47A3-80D7-F8652EEF2B86}.Release|ARM.ActiveCfg = Release|ARM
		{A77947E9-0E61-47A3-80D7-F8652EEF2B86}.Release|ARM.Build.0 = Release|ARM
		{A77947E9-0E61-47A3-80D7-F8652EEF2B86}.Release|x64.ActiveCfg = Release|x64
		{A77947E9-0E61-47A3-80D7-F8652EEF2B86}.Release|x64.Build.0 = Release|x64
		{A77947E9-0E61-47A3-80D7-F8652EEF2B86}.Release|x86.ActiveCfg = Release|x86
		{A77947E9-0E61-47A3-80D7-F8652EEF2B86}.Release|x86.Build.0 = Release|x86
		{69B67D81-DDF1-4200-8156-567366F861F7}.Debug|Any CPU.ActiveCfg = Debug|Any CPU
		{69B67D81-DDF1-4200-8156-567366F861F7}.Debug|Any CPU.Build.0 = Debug|Any CPU
		{69B67D81-DDF1-4200-8156-567366F861F7}.Debug|ARM.ActiveCfg = Debug|Any CPU
		{69B67D81-DDF1-4200-8156-567366F861F7}.Debug|ARM.Build.0 = Debug|Any CPU
		{69B67D81-DDF1-4200-8156-567366F861F7}.Debug|x64.ActiveCfg = Debug|Any CPU
		{69B67D81-DDF1-4200-8156-567366F861F7}.Debug|x64.Build.0 = Debug|Any CPU
		{69B67D81-DDF1-4200-8156-567366F861F7}.Debug|x86.ActiveCfg = Debug|Any CPU
		{69B67D81-DDF1-4200-8156-567366F861F7}.Debug|x86.Build.0 = Debug|Any CPU
		{69B67D81-DDF1-4200-8156-567366F861F7}.Release|Any CPU.ActiveCfg = Release|Any CPU
		{69B67D81-DDF1-4200-8156-567366F861F7}.Release|Any CPU.Build.0 = Release|Any CPU
		{69B67D81-DDF1-4200-8156-567366F861F7}.Release|ARM.ActiveCfg = Release|Any CPU
		{69B67D81-DDF1-4200-8156-567366F861F7}.Release|ARM.Build.0 = Release|Any CPU
		{69B67D81-DDF1-4200-8156-567366F861F7}.Release|x64.ActiveCfg = Release|Any CPU
		{69B67D81-DDF1-4200-8156-567366F861F7}.Release|x64.Build.0 = Release|Any CPU
		{69B67D81-DDF1-4200-8156-567366F861F7}.Release|x86.ActiveCfg = Release|Any CPU
		{69B67D81-DDF1-4200-8156-567366F861F7}.Release|x86.Build.0 = Release|Any CPU
		{9D087BF7-8B75-4604-BDEC-1FE5E175D915}.Debug|Any CPU.ActiveCfg = Debug|Any CPU
		{9D087BF7-8B75-4604-BDEC-1FE5E175D915}.Debug|Any CPU.Build.0 = Debug|Any CPU
		{9D087BF7-8B75-4604-BDEC-1FE5E175D915}.Debug|ARM.ActiveCfg = Debug|Any CPU
		{9D087BF7-8B75-4604-BDEC-1FE5E175D915}.Debug|ARM.Build.0 = Debug|Any CPU
		{9D087BF7-8B75-4604-BDEC-1FE5E175D915}.Debug|x64.ActiveCfg = Debug|Any CPU
		{9D087BF7-8B75-4604-BDEC-1FE5E175D915}.Debug|x64.Build.0 = Debug|Any CPU
		{9D087BF7-8B75-4604-BDEC-1FE5E175D915}.Debug|x86.ActiveCfg = Debug|Any CPU
		{9D087BF7-8B75-4604-BDEC-1FE5E175D915}.Debug|x86.Build.0 = Debug|Any CPU
		{9D087BF7-8B75-4604-BDEC-1FE5E175D915}.Release|Any CPU.ActiveCfg = Release|Any CPU
		{9D087BF7-8B75-4604-BDEC-1FE5E175D915}.Release|Any CPU.Build.0 = Release|Any CPU
		{9D087BF7-8B75-4604-BDEC-1FE5E175D915}.Release|ARM.ActiveCfg = Release|Any CPU
		{9D087BF7-8B75-4604-BDEC-1FE5E175D915}.Release|ARM.Build.0 = Release|Any CPU
		{9D087BF7-8B75-4604-BDEC-1FE5E175D915}.Release|x64.ActiveCfg = Release|Any CPU
		{9D087BF7-8B75-4604-BDEC-1FE5E175D915}.Release|x64.Build.0 = Release|Any CPU
		{9D087BF7-8B75-4604-BDEC-1FE5E175D915}.Release|x86.ActiveCfg = Release|Any CPU
		{9D087BF7-8B75-4604-BDEC-1FE5E175D915}.Release|x86.Build.0 = Release|Any CPU
	EndGlobalSection
	GlobalSection(SolutionProperties) = preSolution
		HideSolutionNode = FALSE
	EndGlobalSection
	GlobalSection(NestedProjects) = preSolution
		{5C952FD5-27B6-41D2-A753-44216C833F58} = {DCD91218-2B26-4604-83B0-A9819DA7DD9D}
		{0BAF96BC-1AF2-488D-948D-42227BF08D63} = {6F4D8DD9-41D9-416E-9CC7-F6452CE2AE70}
		{D7510251-828D-4430-AAA1-71E59F2C7D54} = {6F4D8DD9-41D9-416E-9CC7-F6452CE2AE70}
		{A77947E9-0E61-47A3-80D7-F8652EEF2B86} = {6F4D8DD9-41D9-416E-9CC7-F6452CE2AE70}
		{69B67D81-DDF1-4200-8156-567366F861F7} = {8B06B101-BDFF-4FD0-8564-5FCB71D8EF18}
		{9D087BF7-8B75-4604-BDEC-1FE5E175D915} = {E1A0CEF9-CF2B-4E0D-9188-8877C08C9D21}
	EndGlobalSection
EndGlobal
